// !$*UTF8*$!
{
	archiveVersion = 1;
	classes = {
	};
	objectVersion = 55;
	objects = {

/* Begin PBXBuildFile section */
		174BAF8127B7AC7000E34E55 /* DiscoverView.swift in Sources */ = {isa = PBXBuildFile; fileRef = 174BAF8027B7AC6F00E34E55 /* DiscoverView.swift */; };
		174BAF8327B7AC8200E34E55 /* AccountView.swift in Sources */ = {isa = PBXBuildFile; fileRef = 174BAF8227B7AC8200E34E55 /* AccountView.swift */; };
		174BAF8527B7AC9000E34E55 /* CollectionView.swift in Sources */ = {isa = PBXBuildFile; fileRef = 174BAF8427B7AC9000E34E55 /* CollectionView.swift */; };
		174BAF8727B7AC9D00E34E55 /* DetailsView.swift in Sources */ = {isa = PBXBuildFile; fileRef = 174BAF8627B7AC9D00E34E55 /* DetailsView.swift */; };
		174E5FF627B7ABA300846E78 /* smartTripApp.swift in Sources */ = {isa = PBXBuildFile; fileRef = 174E5FF527B7ABA300846E78 /* smartTripApp.swift */; };
		174E5FF827B7ABA300846E78 /* ContentView.swift in Sources */ = {isa = PBXBuildFile; fileRef = 174E5FF727B7ABA300846E78 /* ContentView.swift */; };
		174E5FFA27B7ABA400846E78 /* Assets.xcassets in Resources */ = {isa = PBXBuildFile; fileRef = 174E5FF927B7ABA400846E78 /* Assets.xcassets */; };
		174E5FFD27B7ABA400846E78 /* Preview Assets.xcassets in Resources */ = {isa = PBXBuildFile; fileRef = 174E5FFC27B7ABA400846E78 /* Preview Assets.xcassets */; };
		174E600727B7ABA400846E78 /* smartTripTests.swift in Sources */ = {isa = PBXBuildFile; fileRef = 174E600627B7ABA400846E78 /* smartTripTests.swift */; };
		174E601127B7ABA400846E78 /* smartTripUITests.swift in Sources */ = {isa = PBXBuildFile; fileRef = 174E601027B7ABA400846E78 /* smartTripUITests.swift */; };
		174E601327B7ABA400846E78 /* smartTripUITestsLaunchTests.swift in Sources */ = {isa = PBXBuildFile; fileRef = 174E601227B7ABA400846E78 /* smartTripUITestsLaunchTests.swift */; };
		A9C21B2327BCEA5E00C8EA48 /* 10064_colosseum_diffuse.jpg in Resources */ = {isa = PBXBuildFile; fileRef = A9C21B2027BCEA5E00C8EA48 /* 10064_colosseum_diffuse.jpg */; };
		A9C21B2427BCEA5E00C8EA48 /* 10064_colosseum_v1_Iteration0.obj in Resources */ = {isa = PBXBuildFile; fileRef = A9C21B2127BCEA5E00C8EA48 /* 10064_colosseum_v1_Iteration0.obj */; };
		A9C21B2727BCEBA100C8EA48 /* colosseo.scn in Resources */ = {isa = PBXBuildFile; fileRef = A9C21B2627BCEBA100C8EA48 /* colosseo.scn */; };
		A9C21B2927BCF5A500C8EA48 /* colosseo.usdz in Resources */ = {isa = PBXBuildFile; fileRef = A9C21B2827BCF5A500C8EA48 /* colosseo.usdz */; };
		A9D4D90327BBBC2D0055AFBC /* SmartTripModel.xcdatamodeld in Sources */ = {isa = PBXBuildFile; fileRef = A9D4D90127BBBC2D0055AFBC /* SmartTripModel.xcdatamodeld */; };
		A9D4D90527BBF3930055AFBC /* TestView.swift in Sources */ = {isa = PBXBuildFile; fileRef = A9D4D90427BBF3930055AFBC /* TestView.swift */; };
		A9D4D90727BBF9DE0055AFBC /* PersistanceController.swift in Sources */ = {isa = PBXBuildFile; fileRef = A9D4D90627BBF9DE0055AFBC /* PersistanceController.swift */; };
		A9D4D90B27BC08180055AFBC /* colosseo.png in Resources */ = {isa = PBXBuildFile; fileRef = A9D4D90A27BC08180055AFBC /* colosseo.png */; };
		A9E7B06C27BD46A2008A6781 /* ARTestView.swift in Sources */ = {isa = PBXBuildFile; fileRef = A9E7B06B27BD46A2008A6781 /* ARTestView.swift */; };
		A9F9FFE327BEEFDD00A45781 /* eiffel.png in Resources */ = {isa = PBXBuildFile; fileRef = A9F9FFE127BEEFDC00A45781 /* eiffel.png */; };
		A9F9FFE427BEEFDD00A45781 /* big-ben.png in Resources */ = {isa = PBXBuildFile; fileRef = A9F9FFE227BEEFDD00A45781 /* big-ben.png */; };
/* End PBXBuildFile section */

/* Begin PBXContainerItemProxy section */
		174E600327B7ABA400846E78 /* PBXContainerItemProxy */ = {
			isa = PBXContainerItemProxy;
			containerPortal = 174E5FEA27B7ABA300846E78 /* Project object */;
			proxyType = 1;
			remoteGlobalIDString = 174E5FF127B7ABA300846E78;
			remoteInfo = smartTrip;
		};
		174E600D27B7ABA400846E78 /* PBXContainerItemProxy */ = {
			isa = PBXContainerItemProxy;
			containerPortal = 174E5FEA27B7ABA300846E78 /* Project object */;
			proxyType = 1;
			remoteGlobalIDString = 174E5FF127B7ABA300846E78;
			remoteInfo = smartTrip;
		};
/* End PBXContainerItemProxy section */

/* Begin PBXFileReference section */
		174BAF8027B7AC6F00E34E55 /* DiscoverView.swift */ = {isa = PBXFileReference; lastKnownFileType = sourcecode.swift; path = DiscoverView.swift; sourceTree = "<group>"; };
		174BAF8227B7AC8200E34E55 /* AccountView.swift */ = {isa = PBXFileReference; lastKnownFileType = sourcecode.swift; path = AccountView.swift; sourceTree = "<group>"; };
		174BAF8427B7AC9000E34E55 /* CollectionView.swift */ = {isa = PBXFileReference; lastKnownFileType = sourcecode.swift; path = CollectionView.swift; sourceTree = "<group>"; };
		174BAF8627B7AC9D00E34E55 /* DetailsView.swift */ = {isa = PBXFileReference; lastKnownFileType = sourcecode.swift; path = DetailsView.swift; sourceTree = "<group>"; };
		174E5FF227B7ABA300846E78 /* smartTrip.app */ = {isa = PBXFileReference; explicitFileType = wrapper.application; includeInIndex = 0; path = smartTrip.app; sourceTree = BUILT_PRODUCTS_DIR; };
		174E5FF527B7ABA300846E78 /* smartTripApp.swift */ = {isa = PBXFileReference; lastKnownFileType = sourcecode.swift; path = smartTripApp.swift; sourceTree = "<group>"; };
		174E5FF727B7ABA300846E78 /* ContentView.swift */ = {isa = PBXFileReference; lastKnownFileType = sourcecode.swift; path = ContentView.swift; sourceTree = "<group>"; };
		174E5FF927B7ABA400846E78 /* Assets.xcassets */ = {isa = PBXFileReference; lastKnownFileType = folder.assetcatalog; path = Assets.xcassets; sourceTree = "<group>"; };
		174E5FFC27B7ABA400846E78 /* Preview Assets.xcassets */ = {isa = PBXFileReference; lastKnownFileType = folder.assetcatalog; path = "Preview Assets.xcassets"; sourceTree = "<group>"; };
		174E600227B7ABA400846E78 /* smartTripTests.xctest */ = {isa = PBXFileReference; explicitFileType = wrapper.cfbundle; includeInIndex = 0; path = smartTripTests.xctest; sourceTree = BUILT_PRODUCTS_DIR; };
		174E600627B7ABA400846E78 /* smartTripTests.swift */ = {isa = PBXFileReference; lastKnownFileType = sourcecode.swift; path = smartTripTests.swift; sourceTree = "<group>"; };
		174E600C27B7ABA400846E78 /* smartTripUITests.xctest */ = {isa = PBXFileReference; explicitFileType = wrapper.cfbundle; includeInIndex = 0; path = smartTripUITests.xctest; sourceTree = BUILT_PRODUCTS_DIR; };
		174E601027B7ABA400846E78 /* smartTripUITests.swift */ = {isa = PBXFileReference; lastKnownFileType = sourcecode.swift; path = smartTripUITests.swift; sourceTree = "<group>"; };
		174E601227B7ABA400846E78 /* smartTripUITestsLaunchTests.swift */ = {isa = PBXFileReference; lastKnownFileType = sourcecode.swift; path = smartTripUITestsLaunchTests.swift; sourceTree = "<group>"; };
		A9C21B2027BCEA5E00C8EA48 /* 10064_colosseum_diffuse.jpg */ = {isa = PBXFileReference; lastKnownFileType = image.jpeg; path = 10064_colosseum_diffuse.jpg; sourceTree = "<group>"; };
		A9C21B2127BCEA5E00C8EA48 /* 10064_colosseum_v1_Iteration0.obj */ = {isa = PBXFileReference; fileEncoding = 4; lastKnownFileType = text; path = 10064_colosseum_v1_Iteration0.obj; sourceTree = "<group>"; };
		A9C21B2627BCEBA100C8EA48 /* colosseo.scn */ = {isa = PBXFileReference; lastKnownFileType = file.bplist; name = colosseo.scn; path = smartTrip/assets/3Dmodels/colosseo/colosseo.scn; sourceTree = SOURCE_ROOT; };
		A9C21B2827BCF5A500C8EA48 /* colosseo.usdz */ = {isa = PBXFileReference; lastKnownFileType = file.usdz; path = colosseo.usdz; sourceTree = "<group>"; };
		A9D4D90227BBBC2D0055AFBC /* SmartTripModel.xcdatamodel */ = {isa = PBXFileReference; lastKnownFileType = wrapper.xcdatamodel; path = SmartTripModel.xcdatamodel; sourceTree = "<group>"; };
		A9D4D90427BBF3930055AFBC /* TestView.swift */ = {isa = PBXFileReference; indentWidth = 1; lastKnownFileType = sourcecode.swift; path = TestView.swift; sourceTree = "<group>"; tabWidth = 1; };
		A9D4D90627BBF9DE0055AFBC /* PersistanceController.swift */ = {isa = PBXFileReference; lastKnownFileType = sourcecode.swift; path = PersistanceController.swift; sourceTree = "<group>"; };
		A9D4D90A27BC08180055AFBC /* colosseo.png */ = {isa = PBXFileReference; lastKnownFileType = image.png; path = colosseo.png; sourceTree = "<group>"; };
		A9E7B06B27BD46A2008A6781 /* ARTestView.swift */ = {isa = PBXFileReference; lastKnownFileType = sourcecode.swift; path = ARTestView.swift; sourceTree = "<group>"; };
		A9E7B06D27BD4E60008A6781 /* Info.plist */ = {isa = PBXFileReference; lastKnownFileType = text.plist; path = Info.plist; sourceTree = "<group>"; };
		A9F9FFE127BEEFDC00A45781 /* eiffel.png */ = {isa = PBXFileReference; lastKnownFileType = image.png; path = eiffel.png; sourceTree = "<group>"; };
		A9F9FFE227BEEFDD00A45781 /* big-ben.png */ = {isa = PBXFileReference; lastKnownFileType = image.png; path = "big-ben.png"; sourceTree = "<group>"; };
/* End PBXFileReference section */

/* Begin PBXFrameworksBuildPhase section */
		174E5FEF27B7ABA300846E78 /* Frameworks */ = {
			isa = PBXFrameworksBuildPhase;
			buildActionMask = 2147483647;
			files = (
			);
			runOnlyForDeploymentPostprocessing = 0;
		};
		174E5FFF27B7ABA400846E78 /* Frameworks */ = {
			isa = PBXFrameworksBuildPhase;
			buildActionMask = 2147483647;
			files = (
			);
			runOnlyForDeploymentPostprocessing = 0;
		};
		174E600927B7ABA400846E78 /* Frameworks */ = {
			isa = PBXFrameworksBuildPhase;
			buildActionMask = 2147483647;
			files = (
			);
			runOnlyForDeploymentPostprocessing = 0;
		};
/* End PBXFrameworksBuildPhase section */

/* Begin PBXGroup section */
		174E5FE927B7ABA300846E78 = {
			isa = PBXGroup;
			children = (
				174E5FF427B7ABA300846E78 /* smartTrip */,
				174E600527B7ABA400846E78 /* smartTripTests */,
				174E600F27B7ABA400846E78 /* smartTripUITests */,
				174E5FF327B7ABA300846E78 /* Products */,
			);
			sourceTree = "<group>";
		};
		174E5FF327B7ABA300846E78 /* Products */ = {
			isa = PBXGroup;
			children = (
				174E5FF227B7ABA300846E78 /* smartTrip.app */,
				174E600227B7ABA400846E78 /* smartTripTests.xctest */,
				174E600C27B7ABA400846E78 /* smartTripUITests.xctest */,
			);
			name = Products;
			sourceTree = "<group>";
		};
		174E5FF427B7ABA300846E78 /* smartTrip */ = {
			isa = PBXGroup;
			children = (
				A9E7B06D27BD4E60008A6781 /* Info.plist */,
				A9D4D90827BC07F60055AFBC /* assets */,
				A9E7B06B27BD46A2008A6781 /* ARTestView.swift */,
				A9D4D90427BBF3930055AFBC /* TestView.swift */,
				174E5FF527B7ABA300846E78 /* smartTripApp.swift */,
				174E5FF727B7ABA300846E78 /* ContentView.swift */,
				174BAF8027B7AC6F00E34E55 /* DiscoverView.swift */,
				174BAF8227B7AC8200E34E55 /* AccountView.swift */,
				174BAF8427B7AC9000E34E55 /* CollectionView.swift */,
				174BAF8627B7AC9D00E34E55 /* DetailsView.swift */,
				174E5FF927B7ABA400846E78 /* Assets.xcassets */,
				174E5FFB27B7ABA400846E78 /* Preview Content */,
				A9D4D90127BBBC2D0055AFBC /* SmartTripModel.xcdatamodeld */,
				A9D4D90627BBF9DE0055AFBC /* PersistanceController.swift */,
			);
			path = smartTrip;
			sourceTree = "<group>";
		};
		174E5FFB27B7ABA400846E78 /* Preview Content */ = {
			isa = PBXGroup;
			children = (
				174E5FFC27B7ABA400846E78 /* Preview Assets.xcassets */,
			);
			path = "Preview Content";
			sourceTree = "<group>";
		};
		174E600527B7ABA400846E78 /* smartTripTests */ = {
			isa = PBXGroup;
			children = (
				174E600627B7ABA400846E78 /* smartTripTests.swift */,
			);
			path = smartTripTests;
			sourceTree = "<group>";
		};
		174E600F27B7ABA400846E78 /* smartTripUITests */ = {
			isa = PBXGroup;
			children = (
				174E601027B7ABA400846E78 /* smartTripUITests.swift */,
				174E601227B7ABA400846E78 /* smartTripUITestsLaunchTests.swift */,
			);
			path = smartTripUITests;
			sourceTree = "<group>";
		};
		A9C21B1E27BCEA0600C8EA48 /* 3Dmodels */ = {
			isa = PBXGroup;
			children = (
				A9C21B1F27BCEA1300C8EA48 /* colosseo */,
			);
			path = 3Dmodels;
			sourceTree = "<group>";
		};
		A9C21B1F27BCEA1300C8EA48 /* colosseo */ = {
			isa = PBXGroup;
			children = (
				A9C21B2827BCF5A500C8EA48 /* colosseo.usdz */,
				A9C21B2027BCEA5E00C8EA48 /* 10064_colosseum_diffuse.jpg */,
				A9C21B2127BCEA5E00C8EA48 /* 10064_colosseum_v1_Iteration0.obj */,
				A9C21B2627BCEBA100C8EA48 /* colosseo.scn */,
			);
			path = colosseo;
			sourceTree = "<group>";
		};
		A9D4D90827BC07F60055AFBC /* assets */ = {
			isa = PBXGroup;
			children = (
				A9C21B1E27BCEA0600C8EA48 /* 3Dmodels */,
				A9D4D90927BC08040055AFBC /* images */,
			);
			path = assets;
			sourceTree = "<group>";
		};
		A9D4D90927BC08040055AFBC /* images */ = {
			isa = PBXGroup;
			children = (
				A9F9FFE227BEEFDD00A45781 /* big-ben.png */,
				A9F9FFE127BEEFDC00A45781 /* eiffel.png */,
				A9D4D90A27BC08180055AFBC /* colosseo.png */,
			);
			path = images;
			sourceTree = "<group>";
		};
/* End PBXGroup section */

/* Begin PBXNativeTarget section */
		174E5FF127B7ABA300846E78 /* smartTrip */ = {
			isa = PBXNativeTarget;
			buildConfigurationList = 174E601627B7ABA400846E78 /* Build configuration list for PBXNativeTarget "smartTrip" */;
			buildPhases = (
				174E5FEE27B7ABA300846E78 /* Sources */,
				174E5FEF27B7ABA300846E78 /* Frameworks */,
				174E5FF027B7ABA300846E78 /* Resources */,
			);
			buildRules = (
			);
			dependencies = (
			);
			name = smartTrip;
			productName = smartTrip;
			productReference = 174E5FF227B7ABA300846E78 /* smartTrip.app */;
			productType = "com.apple.product-type.application";
		};
		174E600127B7ABA400846E78 /* smartTripTests */ = {
			isa = PBXNativeTarget;
			buildConfigurationList = 174E601927B7ABA400846E78 /* Build configuration list for PBXNativeTarget "smartTripTests" */;
			buildPhases = (
				174E5FFE27B7ABA400846E78 /* Sources */,
				174E5FFF27B7ABA400846E78 /* Frameworks */,
				174E600027B7ABA400846E78 /* Resources */,
			);
			buildRules = (
			);
			dependencies = (
				174E600427B7ABA400846E78 /* PBXTargetDependency */,
			);
			name = smartTripTests;
			productName = smartTripTests;
			productReference = 174E600227B7ABA400846E78 /* smartTripTests.xctest */;
			productType = "com.apple.product-type.bundle.unit-test";
		};
		174E600B27B7ABA400846E78 /* smartTripUITests */ = {
			isa = PBXNativeTarget;
			buildConfigurationList = 174E601C27B7ABA400846E78 /* Build configuration list for PBXNativeTarget "smartTripUITests" */;
			buildPhases = (
				174E600827B7ABA400846E78 /* Sources */,
				174E600927B7ABA400846E78 /* Frameworks */,
				174E600A27B7ABA400846E78 /* Resources */,
			);
			buildRules = (
			);
			dependencies = (
				174E600E27B7ABA400846E78 /* PBXTargetDependency */,
			);
			name = smartTripUITests;
			productName = smartTripUITests;
			productReference = 174E600C27B7ABA400846E78 /* smartTripUITests.xctest */;
			productType = "com.apple.product-type.bundle.ui-testing";
		};
/* End PBXNativeTarget section */

/* Begin PBXProject section */
		174E5FEA27B7ABA300846E78 /* Project object */ = {
			isa = PBXProject;
			attributes = {
				BuildIndependentTargetsInParallel = 1;
				LastSwiftUpdateCheck = 1320;
				LastUpgradeCheck = 1320;
				TargetAttributes = {
					174E5FF127B7ABA300846E78 = {
						CreatedOnToolsVersion = 13.2.1;
					};
					174E600127B7ABA400846E78 = {
						CreatedOnToolsVersion = 13.2.1;
						TestTargetID = 174E5FF127B7ABA300846E78;
					};
					174E600B27B7ABA400846E78 = {
						CreatedOnToolsVersion = 13.2.1;
						TestTargetID = 174E5FF127B7ABA300846E78;
					};
				};
			};
			buildConfigurationList = 174E5FED27B7ABA300846E78 /* Build configuration list for PBXProject "smartTrip" */;
			compatibilityVersion = "Xcode 13.0";
			developmentRegion = en;
			hasScannedForEncodings = 0;
			knownRegions = (
				en,
				Base,
			);
			mainGroup = 174E5FE927B7ABA300846E78;
			productRefGroup = 174E5FF327B7ABA300846E78 /* Products */;
			projectDirPath = "";
			projectRoot = "";
			targets = (
				174E5FF127B7ABA300846E78 /* smartTrip */,
				174E600127B7ABA400846E78 /* smartTripTests */,
				174E600B27B7ABA400846E78 /* smartTripUITests */,
			);
		};
/* End PBXProject section */

/* Begin PBXResourcesBuildPhase section */
		174E5FF027B7ABA300846E78 /* Resources */ = {
			isa = PBXResourcesBuildPhase;
			buildActionMask = 2147483647;
			files = (
				A9F9FFE327BEEFDD00A45781 /* eiffel.png in Resources */,
				174E5FFD27B7ABA400846E78 /* Preview Assets.xcassets in Resources */,
				174E5FFA27B7ABA400846E78 /* Assets.xcassets in Resources */,
				A9D4D90B27BC08180055AFBC /* colosseo.png in Resources */,
				A9C21B2927BCF5A500C8EA48 /* colosseo.usdz in Resources */,
				A9F9FFE427BEEFDD00A45781 /* big-ben.png in Resources */,
				A9C21B2427BCEA5E00C8EA48 /* 10064_colosseum_v1_Iteration0.obj in Resources */,
				A9C21B2327BCEA5E00C8EA48 /* 10064_colosseum_diffuse.jpg in Resources */,
				A9C21B2727BCEBA100C8EA48 /* colosseo.scn in Resources */,
			);
			runOnlyForDeploymentPostprocessing = 0;
		};
		174E600027B7ABA400846E78 /* Resources */ = {
			isa = PBXResourcesBuildPhase;
			buildActionMask = 2147483647;
			files = (
			);
			runOnlyForDeploymentPostprocessing = 0;
		};
		174E600A27B7ABA400846E78 /* Resources */ = {
			isa = PBXResourcesBuildPhase;
			buildActionMask = 2147483647;
			files = (
			);
			runOnlyForDeploymentPostprocessing = 0;
		};
/* End PBXResourcesBuildPhase section */

/* Begin PBXSourcesBuildPhase section */
		174E5FEE27B7ABA300846E78 /* Sources */ = {
			isa = PBXSourcesBuildPhase;
			buildActionMask = 2147483647;
			files = (
				174BAF8327B7AC8200E34E55 /* AccountView.swift in Sources */,
				A9E7B06C27BD46A2008A6781 /* ARTestView.swift in Sources */,
				174BAF8527B7AC9000E34E55 /* CollectionView.swift in Sources */,
				A9D4D90327BBBC2D0055AFBC /* SmartTripModel.xcdatamodeld in Sources */,
				174E5FF827B7ABA300846E78 /* ContentView.swift in Sources */,
				A9D4D90527BBF3930055AFBC /* TestView.swift in Sources */,
				174E5FF627B7ABA300846E78 /* smartTripApp.swift in Sources */,
				174BAF8127B7AC7000E34E55 /* DiscoverView.swift in Sources */,
				174BAF8727B7AC9D00E34E55 /* DetailsView.swift in Sources */,
				A9D4D90727BBF9DE0055AFBC /* PersistanceController.swift in Sources */,
			);
			runOnlyForDeploymentPostprocessing = 0;
		};
		174E5FFE27B7ABA400846E78 /* Sources */ = {
			isa = PBXSourcesBuildPhase;
			buildActionMask = 2147483647;
			files = (
				174E600727B7ABA400846E78 /* smartTripTests.swift in Sources */,
			);
			runOnlyForDeploymentPostprocessing = 0;
		};
		174E600827B7ABA400846E78 /* Sources */ = {
			isa = PBXSourcesBuildPhase;
			buildActionMask = 2147483647;
			files = (
				174E601127B7ABA400846E78 /* smartTripUITests.swift in Sources */,
				174E601327B7ABA400846E78 /* smartTripUITestsLaunchTests.swift in Sources */,
			);
			runOnlyForDeploymentPostprocessing = 0;
		};
/* End PBXSourcesBuildPhase section */

/* Begin PBXTargetDependency section */
		174E600427B7ABA400846E78 /* PBXTargetDependency */ = {
			isa = PBXTargetDependency;
			target = 174E5FF127B7ABA300846E78 /* smartTrip */;
			targetProxy = 174E600327B7ABA400846E78 /* PBXContainerItemProxy */;
		};
		174E600E27B7ABA400846E78 /* PBXTargetDependency */ = {
			isa = PBXTargetDependency;
			target = 174E5FF127B7ABA300846E78 /* smartTrip */;
			targetProxy = 174E600D27B7ABA400846E78 /* PBXContainerItemProxy */;
		};
/* End PBXTargetDependency section */

/* Begin XCBuildConfiguration section */
		174E601427B7ABA400846E78 /* Debug */ = {
			isa = XCBuildConfiguration;
			buildSettings = {
				ALWAYS_SEARCH_USER_PATHS = NO;
				CLANG_ANALYZER_NONNULL = YES;
				CLANG_ANALYZER_NUMBER_OBJECT_CONVERSION = YES_AGGRESSIVE;
				CLANG_CXX_LANGUAGE_STANDARD = "gnu++17";
				CLANG_CXX_LIBRARY = "libc++";
				CLANG_ENABLE_MODULES = YES;
				CLANG_ENABLE_OBJC_ARC = YES;
				CLANG_ENABLE_OBJC_WEAK = YES;
				CLANG_WARN_BLOCK_CAPTURE_AUTORELEASING = YES;
				CLANG_WARN_BOOL_CONVERSION = YES;
				CLANG_WARN_COMMA = YES;
				CLANG_WARN_CONSTANT_CONVERSION = YES;
				CLANG_WARN_DEPRECATED_OBJC_IMPLEMENTATIONS = YES;
				CLANG_WARN_DIRECT_OBJC_ISA_USAGE = YES_ERROR;
				CLANG_WARN_DOCUMENTATION_COMMENTS = YES;
				CLANG_WARN_EMPTY_BODY = YES;
				CLANG_WARN_ENUM_CONVERSION = YES;
				CLANG_WARN_INFINITE_RECURSION = YES;
				CLANG_WARN_INT_CONVERSION = YES;
				CLANG_WARN_NON_LITERAL_NULL_CONVERSION = YES;
				CLANG_WARN_OBJC_IMPLICIT_RETAIN_SELF = YES;
				CLANG_WARN_OBJC_LITERAL_CONVERSION = YES;
				CLANG_WARN_OBJC_ROOT_CLASS = YES_ERROR;
				CLANG_WARN_QUOTED_INCLUDE_IN_FRAMEWORK_HEADER = YES;
				CLANG_WARN_RANGE_LOOP_ANALYSIS = YES;
				CLANG_WARN_STRICT_PROTOTYPES = YES;
				CLANG_WARN_SUSPICIOUS_MOVE = YES;
				CLANG_WARN_UNGUARDED_AVAILABILITY = YES_AGGRESSIVE;
				CLANG_WARN_UNREACHABLE_CODE = YES;
				CLANG_WARN__DUPLICATE_METHOD_MATCH = YES;
				COPY_PHASE_STRIP = NO;
				DEBUG_INFORMATION_FORMAT = dwarf;
				ENABLE_STRICT_OBJC_MSGSEND = YES;
				ENABLE_TESTABILITY = YES;
				GCC_C_LANGUAGE_STANDARD = gnu11;
				GCC_DYNAMIC_NO_PIC = NO;
				GCC_NO_COMMON_BLOCKS = YES;
				GCC_OPTIMIZATION_LEVEL = 0;
				GCC_PREPROCESSOR_DEFINITIONS = (
					"DEBUG=1",
					"$(inherited)",
				);
				GCC_WARN_64_TO_32_BIT_CONVERSION = YES;
				GCC_WARN_ABOUT_RETURN_TYPE = YES_ERROR;
				GCC_WARN_UNDECLARED_SELECTOR = YES;
				GCC_WARN_UNINITIALIZED_AUTOS = YES_AGGRESSIVE;
				GCC_WARN_UNUSED_FUNCTION = YES;
				GCC_WARN_UNUSED_VARIABLE = YES;
				IPHONEOS_DEPLOYMENT_TARGET = 15.2;
				MTL_ENABLE_DEBUG_INFO = INCLUDE_SOURCE;
				MTL_FAST_MATH = YES;
				ONLY_ACTIVE_ARCH = YES;
				SDKROOT = iphoneos;
				SWIFT_ACTIVE_COMPILATION_CONDITIONS = DEBUG;
				SWIFT_OPTIMIZATION_LEVEL = "-Onone";
			};
			name = Debug;
		};
		174E601527B7ABA400846E78 /* Release */ = {
			isa = XCBuildConfiguration;
			buildSettings = {
				ALWAYS_SEARCH_USER_PATHS = NO;
				CLANG_ANALYZER_NONNULL = YES;
				CLANG_ANALYZER_NUMBER_OBJECT_CONVERSION = YES_AGGRESSIVE;
				CLANG_CXX_LANGUAGE_STANDARD = "gnu++17";
				CLANG_CXX_LIBRARY = "libc++";
				CLANG_ENABLE_MODULES = YES;
				CLANG_ENABLE_OBJC_ARC = YES;
				CLANG_ENABLE_OBJC_WEAK = YES;
				CLANG_WARN_BLOCK_CAPTURE_AUTORELEASING = YES;
				CLANG_WARN_BOOL_CONVERSION = YES;
				CLANG_WARN_COMMA = YES;
				CLANG_WARN_CONSTANT_CONVERSION = YES;
				CLANG_WARN_DEPRECATED_OBJC_IMPLEMENTATIONS = YES;
				CLANG_WARN_DIRECT_OBJC_ISA_USAGE = YES_ERROR;
				CLANG_WARN_DOCUMENTATION_COMMENTS = YES;
				CLANG_WARN_EMPTY_BODY = YES;
				CLANG_WARN_ENUM_CONVERSION = YES;
				CLANG_WARN_INFINITE_RECURSION = YES;
				CLANG_WARN_INT_CONVERSION = YES;
				CLANG_WARN_NON_LITERAL_NULL_CONVERSION = YES;
				CLANG_WARN_OBJC_IMPLICIT_RETAIN_SELF = YES;
				CLANG_WARN_OBJC_LITERAL_CONVERSION = YES;
				CLANG_WARN_OBJC_ROOT_CLASS = YES_ERROR;
				CLANG_WARN_QUOTED_INCLUDE_IN_FRAMEWORK_HEADER = YES;
				CLANG_WARN_RANGE_LOOP_ANALYSIS = YES;
				CLANG_WARN_STRICT_PROTOTYPES = YES;
				CLANG_WARN_SUSPICIOUS_MOVE = YES;
				CLANG_WARN_UNGUARDED_AVAILABILITY = YES_AGGRESSIVE;
				CLANG_WARN_UNREACHABLE_CODE = YES;
				CLANG_WARN__DUPLICATE_METHOD_MATCH = YES;
				COPY_PHASE_STRIP = NO;
				DEBUG_INFORMATION_FORMAT = "dwarf-with-dsym";
				ENABLE_NS_ASSERTIONS = NO;
				ENABLE_STRICT_OBJC_MSGSEND = YES;
				GCC_C_LANGUAGE_STANDARD = gnu11;
				GCC_NO_COMMON_BLOCKS = YES;
				GCC_WARN_64_TO_32_BIT_CONVERSION = YES;
				GCC_WARN_ABOUT_RETURN_TYPE = YES_ERROR;
				GCC_WARN_UNDECLARED_SELECTOR = YES;
				GCC_WARN_UNINITIALIZED_AUTOS = YES_AGGRESSIVE;
				GCC_WARN_UNUSED_FUNCTION = YES;
				GCC_WARN_UNUSED_VARIABLE = YES;
				IPHONEOS_DEPLOYMENT_TARGET = 15.2;
				MTL_ENABLE_DEBUG_INFO = NO;
				MTL_FAST_MATH = YES;
				SDKROOT = iphoneos;
				SWIFT_COMPILATION_MODE = wholemodule;
				SWIFT_OPTIMIZATION_LEVEL = "-O";
				VALIDATE_PRODUCT = YES;
			};
			name = Release;
		};
		174E601727B7ABA400846E78 /* Debug */ = {
			isa = XCBuildConfiguration;
			buildSettings = {
				ASSETCATALOG_COMPILER_APPICON_NAME = AppIcon;
				ASSETCATALOG_COMPILER_GLOBAL_ACCENT_COLOR_NAME = AccentColor;
				CODE_SIGN_STYLE = Automatic;
				CURRENT_PROJECT_VERSION = 1;
				DEVELOPMENT_ASSET_PATHS = "\"smartTrip/Preview Content\"";
				DEVELOPMENT_TEAM = XPAGCYZNV9;
				ENABLE_PREVIEWS = YES;
				GENERATE_INFOPLIST_FILE = YES;
				INFOPLIST_FILE = smartTrip/Info.plist;
				INFOPLIST_KEY_NSLocationWhenInUseUsageDescription = "Questa app richiede la tua posizione per mostrarla sulla mappa.";
				INFOPLIST_KEY_UIApplicationSceneManifest_Generation = YES;
				INFOPLIST_KEY_UIApplicationSupportsIndirectInputEvents = YES;
				INFOPLIST_KEY_UILaunchScreen_Generation = YES;
				INFOPLIST_KEY_UISupportedInterfaceOrientations_iPad = "UIInterfaceOrientationPortrait UIInterfaceOrientationPortraitUpsideDown UIInterfaceOrientationLandscapeLeft UIInterfaceOrientationLandscapeRight";
				INFOPLIST_KEY_UISupportedInterfaceOrientations_iPhone = "UIInterfaceOrientationPortrait UIInterfaceOrientationLandscapeLeft UIInterfaceOrientationLandscapeRight";
				LD_RUNPATH_SEARCH_PATHS = (
					"$(inherited)",
					"@executable_path/Frameworks",
				);
				MARKETING_VERSION = 1.0;
				PRODUCT_BUNDLE_IDENTIFIER = it.unisa.applefoundationprogram.12.1;
				PRODUCT_NAME = "$(TARGET_NAME)";
				SWIFT_EMIT_LOC_STRINGS = YES;
				SWIFT_VERSION = 5.0;
				TARGETED_DEVICE_FAMILY = "1,2";
			};
			name = Debug;
		};
		174E601827B7ABA400846E78 /* Release */ = {
			isa = XCBuildConfiguration;
			buildSettings = {
				ASSETCATALOG_COMPILER_APPICON_NAME = AppIcon;
				ASSETCATALOG_COMPILER_GLOBAL_ACCENT_COLOR_NAME = AccentColor;
				CODE_SIGN_STYLE = Automatic;
				CURRENT_PROJECT_VERSION = 1;
				DEVELOPMENT_ASSET_PATHS = "\"smartTrip/Preview Content\"";
				DEVELOPMENT_TEAM = XPAGCYZNV9;
				ENABLE_PREVIEWS = YES;
				GENERATE_INFOPLIST_FILE = YES;
				INFOPLIST_FILE = smartTrip/Info.plist;
				INFOPLIST_KEY_NSLocationWhenInUseUsageDescription = "Questa app richiede la tua posizione per mostrarla sulla mappa.";
				INFOPLIST_KEY_UIApplicationSceneManifest_Generation = YES;
				INFOPLIST_KEY_UIApplicationSupportsIndirectInputEvents = YES;
				INFOPLIST_KEY_UILaunchScreen_Generation = YES;
				INFOPLIST_KEY_UISupportedInterfaceOrientations_iPad = "UIInterfaceOrientationPortrait UIInterfaceOrientationPortraitUpsideDown UIInterfaceOrientationLandscapeLeft UIInterfaceOrientationLandscapeRight";
				INFOPLIST_KEY_UISupportedInterfaceOrientations_iPhone = "UIInterfaceOrientationPortrait UIInterfaceOrientationLandscapeLeft UIInterfaceOrientationLandscapeRight";
				LD_RUNPATH_SEARCH_PATHS = (
					"$(inherited)",
					"@executable_path/Frameworks",
				);
				MARKETING_VERSION = 1.0;
				PRODUCT_BUNDLE_IDENTIFIER = it.unisa.applefoundationprogram.12.1;
				PRODUCT_NAME = "$(TARGET_NAME)";
				SWIFT_EMIT_LOC_STRINGS = YES;
				SWIFT_VERSION = 5.0;
				TARGETED_DEVICE_FAMILY = "1,2";
			};
			name = Release;
		};
		174E601A27B7ABA400846E78 /* Debug */ = {
			isa = XCBuildConfiguration;
			buildSettings = {
				ALWAYS_EMBED_SWIFT_STANDARD_LIBRARIES = YES;
				BUNDLE_LOADER = "$(TEST_HOST)";
				CODE_SIGN_STYLE = Automatic;
				CURRENT_PROJECT_VERSION = 1;
				DEVELOPMENT_TEAM = HL4ALNTRLD;
				GENERATE_INFOPLIST_FILE = YES;
				IPHONEOS_DEPLOYMENT_TARGET = 15.2;
				MARKETING_VERSION = 1.0;
				PRODUCT_BUNDLE_IDENTIFIER = it.unisa.applefoundationprogram.12.1.smartTripTests;
				PRODUCT_NAME = "$(TARGET_NAME)";
				SWIFT_EMIT_LOC_STRINGS = NO;
				SWIFT_VERSION = 5.0;
				TARGETED_DEVICE_FAMILY = "1,2";
				TEST_HOST = "$(BUILT_PRODUCTS_DIR)/smartTrip.app/smartTrip";
			};
			name = Debug;
		};
		174E601B27B7ABA400846E78 /* Release */ = {
			isa = XCBuildConfiguration;
			buildSettings = {
				ALWAYS_EMBED_SWIFT_STANDARD_LIBRARIES = YES;
				BUNDLE_LOADER = "$(TEST_HOST)";
				CODE_SIGN_STYLE = Automatic;
				CURRENT_PROJECT_VERSION = 1;
				DEVELOPMENT_TEAM = HL4ALNTRLD;
				GENERATE_INFOPLIST_FILE = YES;
				IPHONEOS_DEPLOYMENT_TARGET = 15.2;
				MARKETING_VERSION = 1.0;
				PRODUCT_BUNDLE_IDENTIFIER = it.unisa.applefoundationprogram.12.1.smartTripTests;
				PRODUCT_NAME = "$(TARGET_NAME)";
				SWIFT_EMIT_LOC_STRINGS = NO;
				SWIFT_VERSION = 5.0;
				TARGETED_DEVICE_FAMILY = "1,2";
				TEST_HOST = "$(BUILT_PRODUCTS_DIR)/smartTrip.app/smartTrip";
			};
			name = Release;
		};
		174E601D27B7ABA400846E78 /* Debug */ = {
			isa = XCBuildConfiguration;
			buildSettings = {
				ALWAYS_EMBED_SWIFT_STANDARD_LIBRARIES = YES;
				CODE_SIGN_STYLE = Automatic;
				CURRENT_PROJECT_VERSION = 1;
				DEVELOPMENT_TEAM = HL4ALNTRLD;
				GENERATE_INFOPLIST_FILE = YES;
				MARKETING_VERSION = 1.0;
				PRODUCT_BUNDLE_IDENTIFIER = it.unisa.applefoundationprogram.12.1.smartTripUITests;
				PRODUCT_NAME = "$(TARGET_NAME)";
				SWIFT_EMIT_LOC_STRINGS = NO;
				SWIFT_VERSION = 5.0;
				TARGETED_DEVICE_FAMILY = "1,2";
				TEST_TARGET_NAME = smartTrip;
			};
			name = Debug;
		};
		174E601E27B7ABA400846E78 /* Release */ = {
			isa = XCBuildConfiguration;
			buildSettings = {
				ALWAYS_EMBED_SWIFT_STANDARD_LIBRARIES = YES;
				CODE_SIGN_STYLE = Automatic;
				CURRENT_PROJECT_VERSION = 1;
				DEVELOPMENT_TEAM = HL4ALNTRLD;
				GENERATE_INFOPLIST_FILE = YES;
				MARKETING_VERSION = 1.0;
				PRODUCT_BUNDLE_IDENTIFIER = it.unisa.applefoundationprogram.12.1.smartTripUITests;
				PRODUCT_NAME = "$(TARGET_NAME)";
				SWIFT_EMIT_LOC_STRINGS = NO;
				SWIFT_VERSION = 5.0;
				TARGETED_DEVICE_FAMILY = "1,2";
				TEST_TARGET_NAME = smartTrip;
			};
			name = Release;
		};
/* End XCBuildConfiguration section */

/* Begin XCConfigurationList section */
		174E5FED27B7ABA300846E78 /* Build configuration list for PBXProject "smartTrip" */ = {
			isa = XCConfigurationList;
			buildConfigurations = (
				174E601427B7ABA400846E78 /* Debug */,
				174E601527B7ABA400846E78 /* Release */,
			);
			defaultConfigurationIsVisible = 0;
			defaultConfigurationName = Release;
		};
		174E601627B7ABA400846E78 /* Build configuration list for PBXNativeTarget "smartTrip" */ = {
			isa = XCConfigurationList;
			buildConfigurations = (
				174E601727B7ABA400846E78 /* Debug */,
				174E601827B7ABA400846E78 /* Release */,
			);
			defaultConfigurationIsVisible = 0;
			defaultConfigurationName = Release;
		};
		174E601927B7ABA400846E78 /* Build configuration list for PBXNativeTarget "smartTripTests" */ = {
			isa = XCConfigurationList;
			buildConfigurations = (
				174E601A27B7ABA400846E78 /* Debug */,
				174E601B27B7ABA400846E78 /* Release */,
			);
			defaultConfigurationIsVisible = 0;
			defaultConfigurationName = Release;
		};
		174E601C27B7ABA400846E78 /* Build configuration list for PBXNativeTarget "smartTripUITests" */ = {
			isa = XCConfigurationList;
			buildConfigurations = (
				174E601D27B7ABA400846E78 /* Debug */,
				174E601E27B7ABA400846E78 /* Release */,
			);
			defaultConfigurationIsVisible = 0;
			defaultConfigurationName = Release;
		};
/* End XCConfigurationList section */

/* Begin XCVersionGroup section */
		A9D4D90127BBBC2D0055AFBC /* SmartTripModel.xcdatamodeld */ = {
			isa = XCVersionGroup;
			children = (
				A9D4D90227BBBC2D0055AFBC /* SmartTripModel.xcdatamodel */,
			);
			currentVersion = A9D4D90227BBBC2D0055AFBC /* SmartTripModel.xcdatamodel */;
			path = SmartTripModel.xcdatamodeld;
			sourceTree = "<group>";
			versionGroupType = wrapper.xcdatamodel;
		};
/* End XCVersionGroup section */
	};
	rootObject = 174E5FEA27B7ABA300846E78 /* Project object */;
}
